// !$*UTF8*$!
{
	archiveVersion = 1;
	classes = {
	};
	objectVersion = 56;
	objects = {

/* Begin PBXBuildFile section */
		D6D7DFBB2BC2753100B8EEE5 /* ProjectSUICoordinatorApp.swift in Sources */ = {isa = PBXBuildFile; fileRef = D6D7DFBA2BC2753100B8EEE5 /* ProjectSUICoordinatorApp.swift */; };
		D6D7DFBD2BC2753100B8EEE5 /* ContentView.swift in Sources */ = {isa = PBXBuildFile; fileRef = D6D7DFBC2BC2753100B8EEE5 /* ContentView.swift */; };
		D6D7DFBF2BC2753400B8EEE5 /* Assets.xcassets in Resources */ = {isa = PBXBuildFile; fileRef = D6D7DFBE2BC2753400B8EEE5 /* Assets.xcassets */; };
		D6D7DFC22BC2753400B8EEE5 /* Preview Assets.xcassets in Resources */ = {isa = PBXBuildFile; fileRef = D6D7DFC12BC2753400B8EEE5 /* Preview Assets.xcassets */; };
		D6D7DFCA2BC278FC00B8EEE5 /* PostListTabCoordinator.swift in Sources */ = {isa = PBXBuildFile; fileRef = D6D7DFC92BC278FC00B8EEE5 /* PostListTabCoordinator.swift */; };
/* End PBXBuildFile section */

/* Begin PBXFileReference section */
		D6D7DFB72BC2753100B8EEE5 /* ProjectSUICoordinator.app */ = {isa = PBXFileReference; explicitFileType = wrapper.application; includeInIndex = 0; path = ProjectSUICoordinator.app; sourceTree = BUILT_PRODUCTS_DIR; };
		D6D7DFBA2BC2753100B8EEE5 /* ProjectSUICoordinatorApp.swift */ = {isa = PBXFileReference; lastKnownFileType = sourcecode.swift; path = ProjectSUICoordinatorApp.swift; sourceTree = "<group>"; };
		D6D7DFBC2BC2753100B8EEE5 /* ContentView.swift */ = {isa = PBXFileReference; lastKnownFileType = sourcecode.swift; path = ContentView.swift; sourceTree = "<group>"; };
		D6D7DFBE2BC2753400B8EEE5 /* Assets.xcassets */ = {isa = PBXFileReference; lastKnownFileType = folder.assetcatalog; path = Assets.xcassets; sourceTree = "<group>"; };
		D6D7DFC12BC2753400B8EEE5 /* Preview Assets.xcassets */ = {isa = PBXFileReference; lastKnownFileType = folder.assetcatalog; path = "Preview Assets.xcassets"; sourceTree = "<group>"; };
		D6D7DFC82BC2777F00B8EEE5 /* Router */ = {isa = PBXFileReference; lastKnownFileType = wrapper; path = Router; sourceTree = "<group>"; };
		D6D7DFC92BC278FC00B8EEE5 /* PostListTabCoordinator.swift */ = {isa = PBXFileReference; lastKnownFileType = sourcecode.swift; path = PostListTabCoordinator.swift; sourceTree = "<group>"; };
		D6D7DFCB2BC2792D00B8EEE5 /* PostList */ = {isa = PBXFileReference; lastKnownFileType = wrapper; path = PostList; sourceTree = "<group>"; };
/* End PBXFileReference section */

/* Begin PBXFrameworksBuildPhase section */
		D6D7DFB42BC2753100B8EEE5 /* Frameworks */ = {
			isa = PBXFrameworksBuildPhase;
			buildActionMask = 2147483647;
			files = (
			);
			runOnlyForDeploymentPostprocessing = 0;
		};
/* End PBXFrameworksBuildPhase section */

/* Begin PBXGroup section */
		D6D7DFAE2BC2753100B8EEE5 = {
			isa = PBXGroup;
			children = (
				D6D7DFCD2BC27B3300B8EEE5 /* Features */,
				D6D7DFCC2BC27A7D00B8EEE5 /* Foundation */,
				D6D7DFB92BC2753100B8EEE5 /* ProjectSUICoordinator */,
				D6D7DFB82BC2753100B8EEE5 /* Products */,
			);
			sourceTree = "<group>";
		};
		D6D7DFB82BC2753100B8EEE5 /* Products */ = {
			isa = PBXGroup;
			children = (
				D6D7DFB72BC2753100B8EEE5 /* ProjectSUICoordinator.app */,
			);
			name = Products;
			sourceTree = "<group>";
		};
		D6D7DFB92BC2753100B8EEE5 /* ProjectSUICoordinator */ = {
			isa = PBXGroup;
			children = (
				D6D7DFBA2BC2753100B8EEE5 /* ProjectSUICoordinatorApp.swift */,
				D6D7DFBC2BC2753100B8EEE5 /* ContentView.swift */,
				D6D7DFBE2BC2753400B8EEE5 /* Assets.xcassets */,
				D6D7DFC02BC2753400B8EEE5 /* Preview Content */,
				D6D7DFC92BC278FC00B8EEE5 /* PostListTabCoordinator.swift */,
			);
			path = ProjectSUICoordinator;
			sourceTree = "<group>";
		};
		D6D7DFC02BC2753400B8EEE5 /* Preview Content */ = {
			isa = PBXGroup;
			children = (
				D6D7DFC12BC2753400B8EEE5 /* Preview Assets.xcassets */,
			);
			path = "Preview Content";
			sourceTree = "<group>";
		};
		D6D7DFCC2BC27A7D00B8EEE5 /* Foundation */ = {
			isa = PBXGroup;
			children = (
				D6D7DFC82BC2777F00B8EEE5 /* Router */,
			);
			path = Foundation;
			sourceTree = "<group>";
		};
		D6D7DFCD2BC27B3300B8EEE5 /* Features */ = {
			isa = PBXGroup;
			children = (
				D6D7DFCB2BC2792D00B8EEE5 /* PostList */,
			);
			path = Features;
			sourceTree = "<group>";
		};
/* End PBXGroup section */

/* Begin PBXNativeTarget section */
		D6D7DFB62BC2753100B8EEE5 /* ProjectSUICoordinator */ = {
			isa = PBXNativeTarget;
			buildConfigurationList = D6D7DFC52BC2753400B8EEE5 /* Build configuration list for PBXNativeTarget "ProjectSUICoordinator" */;
			buildPhases = (
				D6D7DFB32BC2753100B8EEE5 /* Sources */,
				D6D7DFB42BC2753100B8EEE5 /* Frameworks */,
				D6D7DFB52BC2753100B8EEE5 /* Resources */,
			);
			buildRules = (
			);
			dependencies = (
			);
			name = ProjectSUICoordinator;
			productName = ProjectSUICoordinator;
			productReference = D6D7DFB72BC2753100B8EEE5 /* ProjectSUICoordinator.app */;
			productType = "com.apple.product-type.application";
		};
/* End PBXNativeTarget section */

/* Begin PBXProject section */
		D6D7DFAF2BC2753100B8EEE5 /* Project object */ = {
			isa = PBXProject;
			attributes = {
				BuildIndependentTargetsInParallel = 1;
				LastSwiftUpdateCheck = 1520;
				LastUpgradeCheck = 1520;
				TargetAttributes = {
					D6D7DFB62BC2753100B8EEE5 = {
						CreatedOnToolsVersion = 15.2;
					};
				};
			};
			buildConfigurationList = D6D7DFB22BC2753100B8EEE5 /* Build configuration list for PBXProject "ProjectSUICoordinator" */;
			compatibilityVersion = "Xcode 14.0";
			developmentRegion = en;
			hasScannedForEncodings = 0;
			knownRegions = (
				en,
				Base,
			);
			mainGroup = D6D7DFAE2BC2753100B8EEE5;
			productRefGroup = D6D7DFB82BC2753100B8EEE5 /* Products */;
			projectDirPath = "";
			projectRoot = "";
			targets = (
				D6D7DFB62BC2753100B8EEE5 /* ProjectSUICoordinator */,
			);
		};
/* End PBXProject section */

/* Begin PBXResourcesBuildPhase section */
		D6D7DFB52BC2753100B8EEE5 /* Resources */ = {
			isa = PBXResourcesBuildPhase;
			buildActionMask = 2147483647;
			files = (
				D6D7DFC22BC2753400B8EEE5 /* Preview Assets.xcassets in Resources */,
				D6D7DFBF2BC2753400B8EEE5 /* Assets.xcassets in Resources */,
			);
			runOnlyForDeploymentPostprocessing = 0;
		};
/* End PBXResourcesBuildPhase section */

/* Begin PBXSourcesBuildPhase section */
		D6D7DFB32BC2753100B8EEE5 /* Sources */ = {
			isa = PBXSourcesBuildPhase;
			buildActionMask = 2147483647;
			files = (
				D6D7DFBD2BC2753100B8EEE5 /* ContentView.swift in Sources */,
				D6D7DFBB2BC2753100B8EEE5 /* ProjectSUICoordinatorApp.swift in Sources */,
				D6D7DFCA2BC278FC00B8EEE5 /* PostListTabCoordinator.swift in Sources */,
			);
			runOnlyForDeploymentPostprocessing = 0;
		};
/* End PBXSourcesBuildPhase section */

/* Begin XCBuildConfiguration section */
		D6D7DFC32BC2753400B8EEE5 /* Debug */ = {
			isa = XCBuildConfiguration;
			buildSettings = {
				ALWAYS_SEARCH_USER_PATHS = NO;
				ASSETCATALOG_COMPILER_GENERATE_SWIFT_ASSET_SYMBOL_EXTENSIONS = YES;
				CLANG_ANALYZER_NONNULL = YES;
				CLANG_ANALYZER_NUMBER_OBJECT_CONVERSION = YES_AGGRESSIVE;
				CLANG_CXX_LANGUAGE_STANDARD = "gnu++20";
				CLANG_ENABLE_MODULES = YES;
				CLANG_ENABLE_OBJC_ARC = YES;
				CLANG_ENABLE_OBJC_WEAK = YES;
				CLANG_WARN_BLOCK_CAPTURE_AUTORELEASING = YES;
				CLANG_WARN_BOOL_CONVERSION = YES;
				CLANG_WARN_COMMA = YES;
				CLANG_WARN_CONSTANT_CONVERSION = YES;
				CLANG_WARN_DEPRECATED_OBJC_IMPLEMENTATIONS = YES;
				CLANG_WARN_DIRECT_OBJC_ISA_USAGE = YES_ERROR;
				CLANG_WARN_DOCUMENTATION_COMMENTS = YES;
				CLANG_WARN_EMPTY_BODY = YES;
				CLANG_WARN_ENUM_CONVERSION = YES;
				CLANG_WARN_INFINITE_RECURSION = YES;
				CLANG_WARN_INT_CONVERSION = YES;
				CLANG_WARN_NON_LITERAL_NULL_CONVERSION = YES;
				CLANG_WARN_OBJC_IMPLICIT_RETAIN_SELF = YES;
				CLANG_WARN_OBJC_LITERAL_CONVERSION = YES;
				CLANG_WARN_OBJC_ROOT_CLASS = YES_ERROR;
				CLANG_WARN_QUOTED_INCLUDE_IN_FRAMEWORK_HEADER = YES;
				CLANG_WARN_RANGE_LOOP_ANALYSIS = YES;
				CLANG_WARN_STRICT_PROTOTYPES = YES;
				CLANG_WARN_SUSPICIOUS_MOVE = YES;
				CLANG_WARN_UNGUARDED_AVAILABILITY = YES_AGGRESSIVE;
				CLANG_WARN_UNREACHABLE_CODE = YES;
				CLANG_WARN__DUPLICATE_METHOD_MATCH = YES;
				COPY_PHASE_STRIP = NO;
				DEBUG_INFORMATION_FORMAT = dwarf;
				ENABLE_STRICT_OBJC_MSGSEND = YES;
				ENABLE_TESTABILITY = YES;
				ENABLE_USER_SCRIPT_SANDBOXING = YES;
				GCC_C_LANGUAGE_STANDARD = gnu17;
				GCC_DYNAMIC_NO_PIC = NO;
				GCC_NO_COMMON_BLOCKS = YES;
				GCC_OPTIMIZATION_LEVEL = 0;
				GCC_PREPROCESSOR_DEFINITIONS = (
					"DEBUG=1",
					"$(inherited)",
				);
				GCC_WARN_64_TO_32_BIT_CONVERSION = YES;
				GCC_WARN_ABOUT_RETURN_TYPE = YES_ERROR;
				GCC_WARN_UNDECLARED_SELECTOR = YES;
				GCC_WARN_UNINITIALIZED_AUTOS = YES_AGGRESSIVE;
				GCC_WARN_UNUSED_FUNCTION = YES;
				GCC_WARN_UNUSED_VARIABLE = YES;
				IPHONEOS_DEPLOYMENT_TARGET = 17.2;
				LOCALIZATION_PREFERS_STRING_CATALOGS = YES;
				MTL_ENABLE_DEBUG_INFO = INCLUDE_SOURCE;
				MTL_FAST_MATH = YES;
				ONLY_ACTIVE_ARCH = YES;
				SDKROOT = iphoneos;
				SWIFT_ACTIVE_COMPILATION_CONDITIONS = "DEBUG $(inherited)";
				SWIFT_OPTIMIZATION_LEVEL = "-Onone";
			};
			name = Debug;
		};
		D6D7DFC42BC2753400B8EEE5 /* Release */ = {
			isa = XCBuildConfiguration;
			buildSettings = {
				ALWAYS_SEARCH_USER_PATHS = NO;
				ASSETCATALOG_COMPILER_GENERATE_SWIFT_ASSET_SYMBOL_EXTENSIONS = YES;
				CLANG_ANALYZER_NONNULL = YES;
				CLANG_ANALYZER_NUMBER_OBJECT_CONVERSION = YES_AGGRESSIVE;
				CLANG_CXX_LANGUAGE_STANDARD = "gnu++20";
				CLANG_ENABLE_MODULES = YES;
				CLANG_ENABLE_OBJC_ARC = YES;
				CLANG_ENABLE_OBJC_WEAK = YES;
				CLANG_WARN_BLOCK_CAPTURE_AUTORELEASING = YES;
				CLANG_WARN_BOOL_CONVERSION = YES;
				CLANG_WARN_COMMA = YES;
				CLANG_WARN_CONSTANT_CONVERSION = YES;
				CLANG_WARN_DEPRECATED_OBJC_IMPLEMENTATIONS = YES;
				CLANG_WARN_DIRECT_OBJC_ISA_USAGE = YES_ERROR;
				CLANG_WARN_DOCUMENTATION_COMMENTS = YES;
				CLANG_WARN_EMPTY_BODY = YES;
				CLANG_WARN_ENUM_CONVERSION = YES;
				CLANG_WARN_INFINITE_RECURSION = YES;
				CLANG_WARN_INT_CONVERSION = YES;
				CLANG_WARN_NON_LITERAL_NULL_CONVERSION = YES;
				CLANG_WARN_OBJC_IMPLICIT_RETAIN_SELF = YES;
				CLANG_WARN_OBJC_LITERAL_CONVERSION = YES;
				CLANG_WARN_OBJC_ROOT_CLASS = YES_ERROR;
				CLANG_WARN_QUOTED_INCLUDE_IN_FRAMEWORK_HEADER = YES;
				CLANG_WARN_RANGE_LOOP_ANALYSIS = YES;
				CLANG_WARN_STRICT_PROTOTYPES = YES;
				CLANG_WARN_SUSPICIOUS_MOVE = YES;
				CLANG_WARN_UNGUARDED_AVAILABILITY = YES_AGGRESSIVE;
				CLANG_WARN_UNREACHABLE_CODE = YES;
				CLANG_WARN__DUPLICATE_METHOD_MATCH = YES;
				COPY_PHASE_STRIP = NO;
				DEBUG_INFORMATION_FORMAT = "dwarf-with-dsym";
				ENABLE_NS_ASSERTIONS = NO;
				ENABLE_STRICT_OBJC_MSGSEND = YES;
				ENABLE_USER_SCRIPT_SANDBOXING = YES;
				GCC_C_LANGUAGE_STANDARD = gnu17;
				GCC_NO_COMMON_BLOCKS = YES;
				GCC_WARN_64_TO_32_BIT_CONVERSION = YES;
				GCC_WARN_ABOUT_RETURN_TYPE = YES_ERROR;
				GCC_WARN_UNDECLARED_SELECTOR = YES;
				GCC_WARN_UNINITIALIZED_AUTOS = YES_AGGRESSIVE;
				GCC_WARN_UNUSED_FUNCTION = YES;
				GCC_WARN_UNUSED_VARIABLE = YES;
				IPHONEOS_DEPLOYMENT_TARGET = 17.2;
				LOCALIZATION_PREFERS_STRING_CATALOGS = YES;
				MTL_ENABLE_DEBUG_INFO = NO;
				MTL_FAST_MATH = YES;
				SDKROOT = iphoneos;
				SWIFT_COMPILATION_MODE = wholemodule;
				VALIDATE_PRODUCT = YES;
			};
			name = Release;
		};
		D6D7DFC62BC2753400B8EEE5 /* Debug */ = {
			isa = XCBuildConfiguration;
			buildSettings = {
				ASSETCATALOG_COMPILER_APPICON_NAME = AppIcon;
				ASSETCATALOG_COMPILER_GLOBAL_ACCENT_COLOR_NAME = AccentColor;
				CODE_SIGN_STYLE = Automatic;
				CURRENT_PROJECT_VERSION = 1;
				DEVELOPMENT_ASSET_PATHS = "\"ProjectSUICoordinator/Preview Content\"";
				DEVELOPMENT_TEAM = GWLC7B32AQ;
				ENABLE_PREVIEWS = YES;
				GENERATE_INFOPLIST_FILE = YES;
				INFOPLIST_KEY_UIApplicationSceneManifest_Generation = YES;
				INFOPLIST_KEY_UIApplicationSupportsIndirectInputEvents = YES;
				INFOPLIST_KEY_UILaunchScreen_Generation = YES;
				INFOPLIST_KEY_UISupportedInterfaceOrientations_iPad = "UIInterfaceOrientationPortrait UIInterfaceOrientationPortraitUpsideDown UIInterfaceOrientationLandscapeLeft UIInterfaceOrientationLandscapeRight";
				INFOPLIST_KEY_UISupportedInterfaceOrientations_iPhone = "UIInterfaceOrientationPortrait UIInterfaceOrientationLandscapeLeft UIInterfaceOrientationLandscapeRight";
				LD_RUNPATH_SEARCH_PATHS = (
					"$(inherited)",
					"@executable_path/Frameworks",
				);
				MARKETING_VERSION = 1.0;
				PRODUCT_BUNDLE_IDENTIFIER = "mulberry-team-com.ProjectSUICoordinator";
				PRODUCT_NAME = "$(TARGET_NAME)";
				SWIFT_EMIT_LOC_STRINGS = YES;
				SWIFT_VERSION = 5.0;
				TARGETED_DEVICE_FAMILY = "1,2";
			};
			name = Debug;
		};
		D6D7DFC72BC2753400B8EEE5 /* Release */ = {
			isa = XCBuildConfiguration;
			buildSettings = {
				ASSETCATALOG_COMPILER_APPICON_NAME = AppIcon;
				ASSETCATALOG_COMPILER_GLOBAL_ACCENT_COLOR_NAME = AccentColor;
				CODE_SIGN_STYLE = Automatic;
				CURRENT_PROJECT_VERSION = 1;
				DEVELOPMENT_ASSET_PATHS = "\"ProjectSUICoordinator/Preview Content\"";
				DEVELOPMENT_TEAM = GWLC7B32AQ;
				ENABLE_PREVIEWS = YES;
				GENERATE_INFOPLIST_FILE = YES;
				INFOPLIST_KEY_UIApplicationSceneManifest_Generation = YES;
				INFOPLIST_KEY_UIApplicationSupportsIndirectInputEvents = YES;
				INFOPLIST_KEY_UILaunchScreen_Generation = YES;
				INFOPLIST_KEY_UISupportedInterfaceOrientations_iPad = "UIInterfaceOrientationPortrait UIInterfaceOrientationPortraitUpsideDown UIInterfaceOrientationLandscapeLeft UIInterfaceOrientationLandscapeRight";
				INFOPLIST_KEY_UISupportedInterfaceOrientations_iPhone = "UIInterfaceOrientationPortrait UIInterfaceOrientationLandscapeLeft UIInterfaceOrientationLandscapeRight";
				LD_RUNPATH_SEARCH_PATHS = (
					"$(inherited)",
					"@executable_path/Frameworks",
				);
				MARKETING_VERSION = 1.0;
				PRODUCT_BUNDLE_IDENTIFIER = "mulberry-team-com.ProjectSUICoordinator";
				PRODUCT_NAME = "$(TARGET_NAME)";
				SWIFT_EMIT_LOC_STRINGS = YES;
				SWIFT_VERSION = 5.0;
				TARGETED_DEVICE_FAMILY = "1,2";
			};
			name = Release;
		};
/* End XCBuildConfiguration section */

/* Begin XCConfigurationList section */
		D6D7DFB22BC2753100B8EEE5 /* Build configuration list for PBXProject "ProjectSUICoordinator" */ = {
			isa = XCConfigurationList;
			buildConfigurations = (
				D6D7DFC32BC2753400B8EEE5 /* Debug */,
				D6D7DFC42BC2753400B8EEE5 /* Release */,
			);
			defaultConfigurationIsVisible = 0;
			defaultConfigurationName = Release;
		};
		D6D7DFC52BC2753400B8EEE5 /* Build configuration list for PBXNativeTarget "ProjectSUICoordinator" */ = {
			isa = XCConfigurationList;
			buildConfigurations = (
				D6D7DFC62BC2753400B8EEE5 /* Debug */,
				D6D7DFC72BC2753400B8EEE5 /* Release */,
			);
			defaultConfigurationIsVisible = 0;
			defaultConfigurationName = Release;
		};
/* End XCConfigurationList section */
	};
	rootObject = D6D7DFAF2BC2753100B8EEE5 /* Project object */;
}
